
Microsoft Visual Studio Solution File, Format Version 12.00
# Visual Studio 15
VisualStudioVersion = 15.0.27703.2047
MinimumVisualStudioVersion = 10.0.40219.1
Project("{FAE04EC0-301F-11D3-BF4B-00C04F79EFBC}") = "FizzBuzz.API", "FizzBuzz.API\FizzBuzz.API.csproj", "{5519663C-DADE-45FC-9AB8-8EC3126B0FCF}"
EndProject
Project("{FAE04EC0-301F-11D3-BF4B-00C04F79EFBC}") = "FizzBuzz.Tests", "FizzBuzz.Tests\FizzBuzz.Tests.csproj", "{834C5C0D-BEE4-4171-9230-47E7A086DA6C}"
EndProject
Project("{FAE04EC0-301F-11D3-BF4B-00C04F79EFBC}") = "FuzzBuzz.App", "FuzzBuzz.App\FuzzBuzz.App.csproj", "{5DE28CB1-809C-4A26-B247-999935E472DE}"
EndProject
Global
	GlobalSection(SolutionConfigurationPlatforms) = preSolution
		Debug|Any CPU = Debug|Any CPU
		Release|Any CPU = Release|Any CPU
	EndGlobalSection
	GlobalSection(ProjectConfigurationPlatforms) = postSolution
		{5519663C-DADE-45FC-9AB8-8EC3126B0FCF}.Debug|Any CPU.ActiveCfg = Debug|Any CPU
		{5519663C-DADE-45FC-9AB8-8EC3126B0FCF}.Debug|Any CPU.Build.0 = Debug|Any CPU
		{5519663C-DADE-45FC-9AB8-8EC3126B0FCF}.Release|Any CPU.ActiveCfg = Release|Any CPU
		{5519663C-DADE-45FC-9AB8-8EC3126B0FCF}.Release|Any CPU.Build.0 = Release|Any CPU
		{834C5C0D-BEE4-4171-9230-47E7A086DA6C}.Debug|Any CPU.ActiveCfg = Debug|Any CPU
		{834C5C0D-BEE4-4171-9230-47E7A086DA6C}.Debug|Any CPU.Build.0 = Debug|Any CPU
		{834C5C0D-BEE4-4171-9230-47E7A086DA6C}.Release|Any CPU.ActiveCfg = Release|Any CPU
		{834C5C0D-BEE4-4171-9230-47E7A086DA6C}.Release|Any CPU.Build.0 = Release|Any CPU
		{5DE28CB1-809C-4A26-B247-999935E472DE}.Debug|Any CPU.ActiveCfg = Debug|Any CPU
		{5DE28CB1-809C-4A26-B247-999935E472DE}.Debug|Any CPU.Build.0 = Debug|Any CPU
		{5DE28CB1-809C-4A26-B247-999935E472DE}.Release|Any CPU.ActiveCfg = Release|Any CPU
		{5DE28CB1-809C-4A26-B247-999935E472DE}.Release|Any CPU.Build.0 = Release|Any CPU
	EndGlobalSection
	GlobalSection(SolutionProperties) = preSolution
		HideSolutionNode = FALSE
	EndGlobalSection
	GlobalSection(ExtensibilityGlobals) = postSolution
		SolutionGuid = {AC6D8C9B-E7CF-43AD-8031-DF82F3E18408}
	EndGlobalSection
EndGlobal
